
Microsoft Visual Studio Solution File, Format Version 12.00
# Visual Studio Version 16
VisualStudioVersion = 16.0.33920.266
MinimumVisualStudioVersion = 10.0.40219.1
Project("{FAE04EC0-301F-11D3-BF4B-00C04F79EFBC}") = "bai2-class", "bai2-class\bai2-class.csproj", "{A31B8AAD-550C-4DBC-ACA2-16740FB7A50E}"
EndProject
Global
	GlobalSection(SolutionConfigurationPlatforms) = preSolution
		Debug|Any CPU = Debug|Any CPU
		Release|Any CPU = Release|Any CPU
	EndGlobalSection
	GlobalSection(ProjectConfigurationPlatforms) = postSolution
		{A31B8AAD-550C-4DBC-ACA2-16740FB7A50E}.Debug|Any CPU.ActiveCfg = Debug|Any CPU
		{A31B8AAD-550C-4DBC-ACA2-16740FB7A50E}.Debug|Any CPU.Build.0 = Debug|Any CPU
		{A31B8AAD-550C-4DBC-ACA2-16740FB7A50E}.Release|Any CPU.ActiveCfg = Release|Any CPU
		{A31B8AAD-550C-4DBC-ACA2-16740FB7A50E}.Release|Any CPU.Build.0 = Release|Any CPU
	EndGlobalSection
	GlobalSection(SolutionProperties) = preSolution
		HideSolutionNode = FALSE
	EndGlobalSection
	GlobalSection(ExtensibilityGlobals) = postSolution
		SolutionGuid = {D4DBD89E-CD29-43D1-A86D-36D9A203D633}
	EndGlobalSection
EndGlobal
