
Microsoft Visual Studio Solution File, Format Version 12.00
# Visual Studio Version 17
VisualStudioVersion = 17.7.34009.444
MinimumVisualStudioVersion = 10.0.40219.1
Project("{FAE04EC0-301F-11D3-BF4B-00C04F79EFBC}") = "kttx21", "kttx21.csproj", "{EA802C59-8A57-4AC2-9C4B-4F65F84AB6AB}"
EndProject
Global
	GlobalSection(SolutionConfigurationPlatforms) = preSolution
		Debug|Any CPU = Debug|Any CPU
		Release|Any CPU = Release|Any CPU
	EndGlobalSection
	GlobalSection(ProjectConfigurationPlatforms) = postSolution
		{EA802C59-8A57-4AC2-9C4B-4F65F84AB6AB}.Debug|Any CPU.ActiveCfg = Debug|Any CPU
		{EA802C59-8A57-4AC2-9C4B-4F65F84AB6AB}.Debug|Any CPU.Build.0 = Debug|Any CPU
		{EA802C59-8A57-4AC2-9C4B-4F65F84AB6AB}.Release|Any CPU.ActiveCfg = Release|Any CPU
		{EA802C59-8A57-4AC2-9C4B-4F65F84AB6AB}.Release|Any CPU.Build.0 = Release|Any CPU
	EndGlobalSection
	GlobalSection(SolutionProperties) = preSolution
		HideSolutionNode = FALSE
	EndGlobalSection
	GlobalSection(ExtensibilityGlobals) = postSolution
		SolutionGuid = {DFBB5104-2E8D-4E4F-8FD7-ABFE1E42CA18}
	EndGlobalSection
EndGlobal
